
Microsoft Visual Studio Solution File, Format Version 12.00
# Visual Studio 2013
VisualStudioVersion = 12.0.31101.0
MinimumVisualStudioVersion = 10.0.40219.1
Project("{FAE04EC0-301F-11D3-BF4B-00C04F79EFBC}") = "BooksExamples", "BooksExamples\BooksExamples.csproj", "{16F8E2CC-4141-4223-953C-D75BF9C3D4B7}"
EndProject
Project("{FAE04EC0-301F-11D3-BF4B-00C04F79EFBC}") = "DisplayTable", "DisplayTable\DisplayTable.csproj", "{BF6AA5E0-3CFA-43D8-B23D-A1ABE4B9393C}"
EndProject
Project("{FAE04EC0-301F-11D3-BF4B-00C04F79EFBC}") = "DisplayQueryResult", "DisplayQueryResult\DisplayQueryResult.csproj", "{6DDE7DE4-BE03-4984-97BC-196EC94C0922}"
EndProject
Global
	GlobalSection(SolutionConfigurationPlatforms) = preSolution
		Debug|Any CPU = Debug|Any CPU
		Release|Any CPU = Release|Any CPU
	EndGlobalSection
	GlobalSection(ProjectConfigurationPlatforms) = postSolution
		{16F8E2CC-4141-4223-953C-D75BF9C3D4B7}.Debug|Any CPU.ActiveCfg = Debug|Any CPU
		{16F8E2CC-4141-4223-953C-D75BF9C3D4B7}.Debug|Any CPU.Build.0 = Debug|Any CPU
		{16F8E2CC-4141-4223-953C-D75BF9C3D4B7}.Release|Any CPU.ActiveCfg = Release|Any CPU
		{16F8E2CC-4141-4223-953C-D75BF9C3D4B7}.Release|Any CPU.Build.0 = Release|Any CPU
		{BF6AA5E0-3CFA-43D8-B23D-A1ABE4B9393C}.Debug|Any CPU.ActiveCfg = Debug|Any CPU
		{BF6AA5E0-3CFA-43D8-B23D-A1ABE4B9393C}.Debug|Any CPU.Build.0 = Debug|Any CPU
		{BF6AA5E0-3CFA-43D8-B23D-A1ABE4B9393C}.Release|Any CPU.ActiveCfg = Release|Any CPU
		{BF6AA5E0-3CFA-43D8-B23D-A1ABE4B9393C}.Release|Any CPU.Build.0 = Release|Any CPU
		{6DDE7DE4-BE03-4984-97BC-196EC94C0922}.Debug|Any CPU.ActiveCfg = Debug|Any CPU
		{6DDE7DE4-BE03-4984-97BC-196EC94C0922}.Debug|Any CPU.Build.0 = Debug|Any CPU
		{6DDE7DE4-BE03-4984-97BC-196EC94C0922}.Release|Any CPU.ActiveCfg = Release|Any CPU
		{6DDE7DE4-BE03-4984-97BC-196EC94C0922}.Release|Any CPU.Build.0 = Release|Any CPU
	EndGlobalSection
	GlobalSection(SolutionProperties) = preSolution
		HideSolutionNode = FALSE
	EndGlobalSection
EndGlobal
